
Microsoft Visual Studio Solution File, Format Version 12.00
# Visual Studio Version 16
VisualStudioVersion = 16.0.30011.22
MinimumVisualStudioVersion = 10.0.40219.1
Project("{9A19103F-16F7-4668-BE54-9A1E7A4F7556}") = "UEditor.Server.Core", "UEditor.Server.Core\UEditor.Server.Core.csproj", "{62142A2D-5436-4725-B004-34AA36E76F66}"
EndProject
Project("{9A19103F-16F7-4668-BE54-9A1E7A4F7556}") = "UEditor.Server.Core.Demo", "UEditor.Server.Core.Demo\UEditor.Server.Core.Demo.csproj", "{3641B493-B475-4FBE-80BD-EFE3E6A31A08}"
EndProject
Global
	GlobalSection(SolutionConfigurationPlatforms) = preSolution
		Debug|Any CPU = Debug|Any CPU
		Release|Any CPU = Release|Any CPU
	EndGlobalSection
	GlobalSection(ProjectConfigurationPlatforms) = postSolution
		{62142A2D-5436-4725-B004-34AA36E76F66}.Debug|Any CPU.ActiveCfg = Debug|Any CPU
		{62142A2D-5436-4725-B004-34AA36E76F66}.Debug|Any CPU.Build.0 = Debug|Any CPU
		{62142A2D-5436-4725-B004-34AA36E76F66}.Release|Any CPU.ActiveCfg = Release|Any CPU
		{62142A2D-5436-4725-B004-34AA36E76F66}.Release|Any CPU.Build.0 = Release|Any CPU
		{3641B493-B475-4FBE-80BD-EFE3E6A31A08}.Debug|Any CPU.ActiveCfg = Debug|Any CPU
		{3641B493-B475-4FBE-80BD-EFE3E6A31A08}.Debug|Any CPU.Build.0 = Debug|Any CPU
		{3641B493-B475-4FBE-80BD-EFE3E6A31A08}.Release|Any CPU.ActiveCfg = Release|Any CPU
		{3641B493-B475-4FBE-80BD-EFE3E6A31A08}.Release|Any CPU.Build.0 = Release|Any CPU
	EndGlobalSection
	GlobalSection(SolutionProperties) = preSolution
		HideSolutionNode = FALSE
	EndGlobalSection
	GlobalSection(ExtensibilityGlobals) = postSolution
		SolutionGuid = {18983FB8-EF41-4106-9156-03C1F64BE48E}
	EndGlobalSection
EndGlobal
